{
  "name": "@luizakuze/github-packages",
  "version": "1.0.1",
  "lockfileVersion": 2,
  "requires": true,
  "packages": {
    "": {
      "name": "@luizakuze/github-packages",
      "version": "1.0.1",
      "license": "ISC",
      "dependencies": {
        "@luizakuze/github-packages": "^1.0.0"
      }
    },
    "node_modules/@luizakuze/github-packages": {
      "version": "1.0.0",
      "resolved": "https://npm.pkg.github.com/download/@luizakuze/github-packages/1.0.0/e0b05c9d87104ea202d89271a45cc0adcc9a4453",
      "integrity": "sha512-SPW6WF/ktuJrH4CGn20cqsMDpgIqwEfYi1GZX8YoE/4Jt7cxakMfWqxZumTiIM1+K45iwifOBxVimoXvUfwhGA==",
      "license": "ISC"
    }
  },
  "dependencies": {
    "@luizakuze/github-packages": {
      "version": "1.0.0",
      "resolved": "https://npm.pkg.github.com/download/@luizakuze/github-packages/1.0.0/e0b05c9d87104ea202d89271a45cc0adcc9a4453",
      "integrity": "sha512-SPW6WF/ktuJrH4CGn20cqsMDpgIqwEfYi1GZX8YoE/4Jt7cxakMfWqxZumTiIM1+K45iwifOBxVimoXvUfwhGA=="
    }
  }
}
